{
    "version": 3,
    "terraform_version": "0.11.3",
    "serial": 14,
    "lineage": "7ce2a547-3455-4fb0-a116-710a4cb57390",
    "modules": [
        {
            "path": [
                "root"
            ],
            "outputs": {},
            "resources": {
                "azurerm_network_security_group.sec_group": {
                    "type": "azurerm_network_security_group",
                    "depends_on": [
                        "azurerm_resource_group.rg"
                    ],
                    "primary": {
                        "id": "/subscriptions/41265402-b429-4ae2-9d74-893d40fef053/resourceGroups/development/providers/Microsoft.Network/networkSecurityGroups/subnet-1-nsg01",
                        "attributes": {
                            "id": "/subscriptions/41265402-b429-4ae2-9d74-893d40fef053/resourceGroups/development/providers/Microsoft.Network/networkSecurityGroups/subnet-1-nsg01",
                            "location": "westeurope",
                            "name": "subnet-1-nsg01",
                            "resource_group_name": "development",
                            "security_rule.#": "1",
                            "security_rule.0.access": "Allow",
                            "security_rule.0.description": "",
                            "security_rule.0.destination_address_prefix": "*",
                            "security_rule.0.destination_port_range": "22",
                            "security_rule.0.direction": "Inbound",
                            "security_rule.0.name": "SSH",
                            "security_rule.0.priority": "1001",
                            "security_rule.0.protocol": "Tcp",
                            "security_rule.0.source_address_prefix": "*",
                            "security_rule.0.source_port_range": "*",
                            "tags.%": "0"
                        },
                        "meta": {},
                        "tainted": false
                    },
                    "deposed": [],
                    "provider": "provider.azurerm"
                },
                "azurerm_resource_group.rg": {
                    "type": "azurerm_resource_group",
                    "depends_on": [],
                    "primary": {
                        "id": "/subscriptions/41265402-b429-4ae2-9d74-893d40fef053/resourceGroups/development",
                        "attributes": {
                            "id": "/subscriptions/41265402-b429-4ae2-9d74-893d40fef053/resourceGroups/development",
                            "location": "westeurope",
                            "name": "development",
                            "tags.%": "0"
                        },
                        "meta": {},
                        "tainted": false
                    },
                    "deposed": [],
                    "provider": "provider.azurerm"
                }
            },
            "depends_on": []
        },
        {
            "path": [
                "root",
                "kube-master-vm"
            ],
            "outputs": {},
            "resources": {
                "azurerm_virtual_machine.vm": {
                    "type": "azurerm_virtual_machine",
                    "depends_on": [],
                    "primary": {
                        "id": "/subscriptions/41265402-b429-4ae2-9d74-893d40fef053/resourceGroups/development/providers/Microsoft.Compute/virtualMachines/kube-master-vm",
                        "attributes": {
                            "boot_diagnostics.#": "1",
                            "boot_diagnostics.0.enabled": "true",
                            "boot_diagnostics.0.storage_uri": "https://developmentstorage98767.blob.core.windows.net/",
                            "delete_data_disks_on_termination": "false",
                            "delete_os_disk_on_termination": "false",
                            "id": "/subscriptions/41265402-b429-4ae2-9d74-893d40fef053/resourceGroups/development/providers/Microsoft.Compute/virtualMachines/kube-master-vm",
                            "identity.#": "0",
                            "location": "westeurope",
                            "name": "kube-master-vm",
                            "network_interface_ids.#": "1",
                            "network_interface_ids.0": "/subscriptions/41265402-b429-4ae2-9d74-893d40fef053/resourceGroups/development/providers/Microsoft.Network/networkInterfaces/kube-master-vm-1-net-if01",
                            "os_profile.#": "1",
                            "os_profile.1636490218.admin_password": "",
                            "os_profile.1636490218.admin_username": "toor",
                            "os_profile.1636490218.computer_name": "kube-master-vm",
                            "os_profile.1636490218.custom_data": "",
                            "os_profile_linux_config.#": "1",
                            "os_profile_linux_config.69840937.disable_password_authentication": "true",
                            "os_profile_linux_config.69840937.ssh_keys.#": "1",
                            "os_profile_linux_config.69840937.ssh_keys.0.key_data": "ssh-rsa AAAAB3NzaC1yc2EAAAADAQABAAABAQDI7Nk97kbjTlXNI3g2UuavWierNnue32lTTekp5j5Ry/rw2Rb8/pUeVBYYWfw1un+BvHewWLNHI7U+e3oJbXzBHubEWjcqO+/ubS2mxecb4ytevJNAxNa18Sg118C3SUyl8o2iJJLhS5iscx2wrFB3/zpMu3LFSUGJYjnqWsqZ173dckDjwr4FJoQW3ubjEe9d9tJgxnXSJtWe9zPyyQpyf4XMck+WC+zpxgzgOlX095b6xr3Y8ANi7MyM+7sjUakGWJrJXtDsPwkxPVqKIXR1ILpml9v+5kA0EhyW5WWV4NEjUIa//tP9mjPAoUE9S9I1BH7L+qMW1CKoPLyIJtdf mozufferhago@Dragonfly-2.local\n",
                            "os_profile_linux_config.69840937.ssh_keys.0.path": "/home/toor/.ssh/authorized_keys",
                            "os_profile_secrets.#": "0",
                            "resource_group_name": "development",
                            "storage_data_disk.#": "0",
                            "storage_image_reference.#": "1",
                            "storage_image_reference.3353328279.id": "",
                            "storage_image_reference.3353328279.offer": "CentOS",
                            "storage_image_reference.3353328279.publisher": "OpenLogic",
                            "storage_image_reference.3353328279.sku": "7.3",
                            "storage_image_reference.3353328279.version": "latest",
                            "storage_os_disk.#": "1",
                            "storage_os_disk.0.caching": "ReadWrite",
                            "storage_os_disk.0.create_option": "FromImage",
                            "storage_os_disk.0.disk_size_gb": "31",
                            "storage_os_disk.0.image_uri": "",
                            "storage_os_disk.0.managed_disk_id": "/subscriptions/41265402-b429-4ae2-9d74-893d40fef053/resourceGroups/development/providers/Microsoft.Compute/disks/kube-master-os-disk",
                            "storage_os_disk.0.managed_disk_type": "Standard_LRS",
                            "storage_os_disk.0.name": "kube-master-os-disk",
                            "storage_os_disk.0.os_type": "Linux",
                            "storage_os_disk.0.vhd_uri": "",
                            "tags.%": "0",
                            "vm_size": "Standard_A0"
                        },
                        "meta": {},
                        "tainted": false
                    },
                    "deposed": [],
                    "provider": "provider.azurerm"
                }
            },
            "depends_on": []
        },
        {
            "path": [
                "root",
                "kube-master-vm-net-if-01"
            ],
            "outputs": {
                "id": {
                    "sensitive": false,
                    "type": "string",
                    "value": "/subscriptions/41265402-b429-4ae2-9d74-893d40fef053/resourceGroups/development/providers/Microsoft.Network/networkInterfaces/kube-master-vm-1-net-if01"
                }
            },
            "resources": {
                "azurerm_network_interface.net_if": {
                    "type": "azurerm_network_interface",
                    "depends_on": [],
                    "primary": {
                        "id": "/subscriptions/41265402-b429-4ae2-9d74-893d40fef053/resourceGroups/development/providers/Microsoft.Network/networkInterfaces/kube-master-vm-1-net-if01",
                        "attributes": {
                            "applied_dns_servers.#": "0",
                            "dns_servers.#": "0",
                            "enable_accelerated_networking": "false",
                            "enable_ip_forwarding": "false",
                            "id": "/subscriptions/41265402-b429-4ae2-9d74-893d40fef053/resourceGroups/development/providers/Microsoft.Network/networkInterfaces/kube-master-vm-1-net-if01",
                            "internal_dns_name_label": "",
                            "ip_configuration.#": "1",
                            "ip_configuration.0.load_balancer_backend_address_pools_ids.#": "0",
                            "ip_configuration.0.load_balancer_inbound_nat_rules_ids.#": "0",
                            "ip_configuration.0.name": "kube-master-vm-1-net-if01-config",
                            "ip_configuration.0.primary": "true",
                            "ip_configuration.0.private_ip_address": "",
                            "ip_configuration.0.private_ip_address_allocation": "dynamic",
                            "ip_configuration.0.public_ip_address_id": "/subscriptions/41265402-b429-4ae2-9d74-893d40fef053/resourceGroups/development/providers/Microsoft.Network/publicIPAddresses/kube-master-vm-pub-ip01",
                            "ip_configuration.0.subnet_id": "/subscriptions/41265402-b429-4ae2-9d74-893d40fef053/resourceGroups/development/providers/Microsoft.Network/virtualNetworks/vnet_1/subnets/subnet-1",
                            "location": "westeurope",
                            "name": "kube-master-vm-1-net-if01",
                            "network_security_group_id": "",
                            "private_ip_address": "10.0.1.5",
                            "private_ip_addresses.#": "1",
                            "private_ip_addresses.0": "10.0.1.5",
                            "resource_group_name": "development",
                            "tags.%": "0"
                        },
                        "meta": {},
                        "tainted": false
                    },
                    "deposed": [],
                    "provider": "provider.azurerm"
                }
            },
            "depends_on": []
        },
        {
            "path": [
                "root",
                "kube-master-vm-pub-ip01"
            ],
            "outputs": {
                "id": {
                    "sensitive": false,
                    "type": "string",
                    "value": "/subscriptions/41265402-b429-4ae2-9d74-893d40fef053/resourceGroups/development/providers/Microsoft.Network/publicIPAddresses/kube-master-vm-pub-ip01"
                }
            },
            "resources": {
                "azurerm_public_ip.pub_ip": {
                    "type": "azurerm_public_ip",
                    "depends_on": [],
                    "primary": {
                        "id": "/subscriptions/41265402-b429-4ae2-9d74-893d40fef053/resourceGroups/development/providers/Microsoft.Network/publicIPAddresses/kube-master-vm-pub-ip01",
                        "attributes": {
                            "id": "/subscriptions/41265402-b429-4ae2-9d74-893d40fef053/resourceGroups/development/providers/Microsoft.Network/publicIPAddresses/kube-master-vm-pub-ip01",
                            "location": "westeurope",
                            "name": "kube-master-vm-pub-ip01",
                            "public_ip_address_allocation": "dynamic",
                            "resource_group_name": "development",
                            "sku": "Basic",
                            "tags.%": "0"
                        },
                        "meta": {},
                        "tainted": false
                    },
                    "deposed": [],
                    "provider": "provider.azurerm"
                }
            },
            "depends_on": []
        },
        {
            "path": [
                "root",
                "kube-node-vm01"
            ],
            "outputs": {},
            "resources": {
                "azurerm_virtual_machine.vm": {
                    "type": "azurerm_virtual_machine",
                    "depends_on": [],
                    "primary": {
                        "id": "/subscriptions/41265402-b429-4ae2-9d74-893d40fef053/resourceGroups/development/providers/Microsoft.Compute/virtualMachines/kube-node-vm01",
                        "attributes": {
                            "boot_diagnostics.#": "1",
                            "boot_diagnostics.0.enabled": "true",
                            "boot_diagnostics.0.storage_uri": "https://developmentstorage98767.blob.core.windows.net/",
                            "delete_data_disks_on_termination": "false",
                            "delete_os_disk_on_termination": "false",
                            "id": "/subscriptions/41265402-b429-4ae2-9d74-893d40fef053/resourceGroups/development/providers/Microsoft.Compute/virtualMachines/kube-node-vm01",
                            "identity.#": "0",
                            "location": "westeurope",
                            "name": "kube-node-vm01",
                            "network_interface_ids.#": "1",
                            "network_interface_ids.0": "/subscriptions/41265402-b429-4ae2-9d74-893d40fef053/resourceGroups/development/providers/Microsoft.Network/networkInterfaces/kube-node-vm01-net-if01",
                            "os_profile.#": "1",
                            "os_profile.439255525.admin_password": "",
                            "os_profile.439255525.admin_username": "toor",
                            "os_profile.439255525.computer_name": "kube-node-vm01",
                            "os_profile.439255525.custom_data": "",
                            "os_profile_linux_config.#": "1",
                            "os_profile_linux_config.69840937.disable_password_authentication": "true",
                            "os_profile_linux_config.69840937.ssh_keys.#": "1",
                            "os_profile_linux_config.69840937.ssh_keys.0.key_data": "ssh-rsa AAAAB3NzaC1yc2EAAAADAQABAAABAQDI7Nk97kbjTlXNI3g2UuavWierNnue32lTTekp5j5Ry/rw2Rb8/pUeVBYYWfw1un+BvHewWLNHI7U+e3oJbXzBHubEWjcqO+/ubS2mxecb4ytevJNAxNa18Sg118C3SUyl8o2iJJLhS5iscx2wrFB3/zpMu3LFSUGJYjnqWsqZ173dckDjwr4FJoQW3ubjEe9d9tJgxnXSJtWe9zPyyQpyf4XMck+WC+zpxgzgOlX095b6xr3Y8ANi7MyM+7sjUakGWJrJXtDsPwkxPVqKIXR1ILpml9v+5kA0EhyW5WWV4NEjUIa//tP9mjPAoUE9S9I1BH7L+qMW1CKoPLyIJtdf mozufferhago@Dragonfly-2.local\n",
                            "os_profile_linux_config.69840937.ssh_keys.0.path": "/home/toor/.ssh/authorized_keys",
                            "os_profile_secrets.#": "0",
                            "resource_group_name": "development",
                            "storage_data_disk.#": "0",
                            "storage_image_reference.#": "1",
                            "storage_image_reference.3353328279.id": "",
                            "storage_image_reference.3353328279.offer": "CentOS",
                            "storage_image_reference.3353328279.publisher": "OpenLogic",
                            "storage_image_reference.3353328279.sku": "7.3",
                            "storage_image_reference.3353328279.version": "latest",
                            "storage_os_disk.#": "1",
                            "storage_os_disk.0.caching": "ReadWrite",
                            "storage_os_disk.0.create_option": "FromImage",
                            "storage_os_disk.0.disk_size_gb": "31",
                            "storage_os_disk.0.image_uri": "",
                            "storage_os_disk.0.managed_disk_id": "/subscriptions/41265402-b429-4ae2-9d74-893d40fef053/resourceGroups/development/providers/Microsoft.Compute/disks/kube-node01-os-disk",
                            "storage_os_disk.0.managed_disk_type": "Standard_LRS",
                            "storage_os_disk.0.name": "kube-node01-os-disk",
                            "storage_os_disk.0.os_type": "Linux",
                            "storage_os_disk.0.vhd_uri": "",
                            "tags.%": "0",
                            "vm_size": "Standard_A0"
                        },
                        "meta": {},
                        "tainted": false
                    },
                    "deposed": [],
                    "provider": "provider.azurerm"
                }
            },
            "depends_on": []
        },
        {
            "path": [
                "root",
                "kube-node-vm01-net-if-01"
            ],
            "outputs": {
                "id": {
                    "sensitive": false,
                    "type": "string",
                    "value": "/subscriptions/41265402-b429-4ae2-9d74-893d40fef053/resourceGroups/development/providers/Microsoft.Network/networkInterfaces/kube-node-vm01-net-if01"
                }
            },
            "resources": {
                "azurerm_network_interface.net_if": {
                    "type": "azurerm_network_interface",
                    "depends_on": [],
                    "primary": {
                        "id": "/subscriptions/41265402-b429-4ae2-9d74-893d40fef053/resourceGroups/development/providers/Microsoft.Network/networkInterfaces/kube-node-vm01-net-if01",
                        "attributes": {
                            "applied_dns_servers.#": "0",
                            "dns_servers.#": "0",
                            "enable_accelerated_networking": "false",
                            "enable_ip_forwarding": "false",
                            "id": "/subscriptions/41265402-b429-4ae2-9d74-893d40fef053/resourceGroups/development/providers/Microsoft.Network/networkInterfaces/kube-node-vm01-net-if01",
                            "internal_dns_name_label": "",
                            "ip_configuration.#": "1",
                            "ip_configuration.0.load_balancer_backend_address_pools_ids.#": "0",
                            "ip_configuration.0.load_balancer_inbound_nat_rules_ids.#": "0",
                            "ip_configuration.0.name": "kube-node-vm01-net-if01-config",
                            "ip_configuration.0.primary": "true",
                            "ip_configuration.0.private_ip_address": "",
                            "ip_configuration.0.private_ip_address_allocation": "dynamic",
                            "ip_configuration.0.public_ip_address_id": "/subscriptions/41265402-b429-4ae2-9d74-893d40fef053/resourceGroups/development/providers/Microsoft.Network/publicIPAddresses/kube-node-vm01-pub-ip01",
                            "ip_configuration.0.subnet_id": "/subscriptions/41265402-b429-4ae2-9d74-893d40fef053/resourceGroups/development/providers/Microsoft.Network/virtualNetworks/vnet_1/subnets/subnet-1",
                            "location": "westeurope",
                            "name": "kube-node-vm01-net-if01",
                            "network_security_group_id": "",
                            "private_ip_address": "10.0.1.4",
                            "private_ip_addresses.#": "1",
                            "private_ip_addresses.0": "10.0.1.4",
                            "resource_group_name": "development",
                            "tags.%": "0"
                        },
                        "meta": {},
                        "tainted": false
                    },
                    "deposed": [],
                    "provider": "provider.azurerm"
                }
            },
            "depends_on": []
        },
        {
            "path": [
                "root",
                "kube-node-vm01-pub-ip01"
            ],
            "outputs": {
                "id": {
                    "sensitive": false,
                    "type": "string",
                    "value": "/subscriptions/41265402-b429-4ae2-9d74-893d40fef053/resourceGroups/development/providers/Microsoft.Network/publicIPAddresses/kube-node-vm01-pub-ip01"
                }
            },
            "resources": {
                "azurerm_public_ip.pub_ip": {
                    "type": "azurerm_public_ip",
                    "depends_on": [],
                    "primary": {
                        "id": "/subscriptions/41265402-b429-4ae2-9d74-893d40fef053/resourceGroups/development/providers/Microsoft.Network/publicIPAddresses/kube-node-vm01-pub-ip01",
                        "attributes": {
                            "id": "/subscriptions/41265402-b429-4ae2-9d74-893d40fef053/resourceGroups/development/providers/Microsoft.Network/publicIPAddresses/kube-node-vm01-pub-ip01",
                            "location": "westeurope",
                            "name": "kube-node-vm01-pub-ip01",
                            "public_ip_address_allocation": "dynamic",
                            "resource_group_name": "development",
                            "sku": "Basic",
                            "tags.%": "0"
                        },
                        "meta": {},
                        "tainted": false
                    },
                    "deposed": [],
                    "provider": "provider.azurerm"
                }
            },
            "depends_on": []
        },
        {
            "path": [
                "root",
                "kube-node-vm02"
            ],
            "outputs": {},
            "resources": {
                "azurerm_virtual_machine.vm": {
                    "type": "azurerm_virtual_machine",
                    "depends_on": [],
                    "primary": {
                        "id": "/subscriptions/41265402-b429-4ae2-9d74-893d40fef053/resourceGroups/development/providers/Microsoft.Compute/virtualMachines/kube-node-vm02",
                        "attributes": {
                            "boot_diagnostics.#": "1",
                            "boot_diagnostics.0.enabled": "true",
                            "boot_diagnostics.0.storage_uri": "https://developmentstorage98767.blob.core.windows.net/",
                            "delete_data_disks_on_termination": "false",
                            "delete_os_disk_on_termination": "false",
                            "id": "/subscriptions/41265402-b429-4ae2-9d74-893d40fef053/resourceGroups/development/providers/Microsoft.Compute/virtualMachines/kube-node-vm02",
                            "identity.#": "0",
                            "location": "westeurope",
                            "name": "kube-node-vm02",
                            "network_interface_ids.#": "1",
                            "network_interface_ids.0": "/subscriptions/41265402-b429-4ae2-9d74-893d40fef053/resourceGroups/development/providers/Microsoft.Network/networkInterfaces/kube-node-vm02-net-if01",
                            "os_profile.#": "1",
                            "os_profile.822333990.admin_password": "",
                            "os_profile.822333990.admin_username": "toor",
                            "os_profile.822333990.computer_name": "kube-node-vm02",
                            "os_profile.822333990.custom_data": "",
                            "os_profile_linux_config.#": "1",
                            "os_profile_linux_config.69840937.disable_password_authentication": "true",
                            "os_profile_linux_config.69840937.ssh_keys.#": "1",
                            "os_profile_linux_config.69840937.ssh_keys.0.key_data": "ssh-rsa AAAAB3NzaC1yc2EAAAADAQABAAABAQDI7Nk97kbjTlXNI3g2UuavWierNnue32lTTekp5j5Ry/rw2Rb8/pUeVBYYWfw1un+BvHewWLNHI7U+e3oJbXzBHubEWjcqO+/ubS2mxecb4ytevJNAxNa18Sg118C3SUyl8o2iJJLhS5iscx2wrFB3/zpMu3LFSUGJYjnqWsqZ173dckDjwr4FJoQW3ubjEe9d9tJgxnXSJtWe9zPyyQpyf4XMck+WC+zpxgzgOlX095b6xr3Y8ANi7MyM+7sjUakGWJrJXtDsPwkxPVqKIXR1ILpml9v+5kA0EhyW5WWV4NEjUIa//tP9mjPAoUE9S9I1BH7L+qMW1CKoPLyIJtdf mozufferhago@Dragonfly-2.local\n",
                            "os_profile_linux_config.69840937.ssh_keys.0.path": "/home/toor/.ssh/authorized_keys",
                            "os_profile_secrets.#": "0",
                            "resource_group_name": "development",
                            "storage_data_disk.#": "0",
                            "storage_image_reference.#": "1",
                            "storage_image_reference.3353328279.id": "",
                            "storage_image_reference.3353328279.offer": "CentOS",
                            "storage_image_reference.3353328279.publisher": "OpenLogic",
                            "storage_image_reference.3353328279.sku": "7.3",
                            "storage_image_reference.3353328279.version": "latest",
                            "storage_os_disk.#": "1",
                            "storage_os_disk.0.caching": "ReadWrite",
                            "storage_os_disk.0.create_option": "FromImage",
                            "storage_os_disk.0.disk_size_gb": "31",
                            "storage_os_disk.0.image_uri": "",
                            "storage_os_disk.0.managed_disk_id": "/subscriptions/41265402-b429-4ae2-9d74-893d40fef053/resourceGroups/development/providers/Microsoft.Compute/disks/kube-node02-os-disk",
                            "storage_os_disk.0.managed_disk_type": "Standard_LRS",
                            "storage_os_disk.0.name": "kube-node02-os-disk",
                            "storage_os_disk.0.os_type": "Linux",
                            "storage_os_disk.0.vhd_uri": "",
                            "tags.%": "0",
                            "vm_size": "Standard_A0"
                        },
                        "meta": {},
                        "tainted": false
                    },
                    "deposed": [],
                    "provider": "provider.azurerm"
                }
            },
            "depends_on": []
        },
        {
            "path": [
                "root",
                "kube-node-vm02-net-if-01"
            ],
            "outputs": {
                "id": {
                    "sensitive": false,
                    "type": "string",
                    "value": "/subscriptions/41265402-b429-4ae2-9d74-893d40fef053/resourceGroups/development/providers/Microsoft.Network/networkInterfaces/kube-node-vm02-net-if01"
                }
            },
            "resources": {
                "azurerm_network_interface.net_if": {
                    "type": "azurerm_network_interface",
                    "depends_on": [],
                    "primary": {
                        "id": "/subscriptions/41265402-b429-4ae2-9d74-893d40fef053/resourceGroups/development/providers/Microsoft.Network/networkInterfaces/kube-node-vm02-net-if01",
                        "attributes": {
                            "applied_dns_servers.#": "0",
                            "dns_servers.#": "0",
                            "enable_accelerated_networking": "false",
                            "enable_ip_forwarding": "false",
                            "id": "/subscriptions/41265402-b429-4ae2-9d74-893d40fef053/resourceGroups/development/providers/Microsoft.Network/networkInterfaces/kube-node-vm02-net-if01",
                            "internal_dns_name_label": "",
                            "ip_configuration.#": "1",
                            "ip_configuration.0.load_balancer_backend_address_pools_ids.#": "0",
                            "ip_configuration.0.load_balancer_inbound_nat_rules_ids.#": "0",
                            "ip_configuration.0.name": "kube-node-vm02-net-if01-config",
                            "ip_configuration.0.primary": "true",
                            "ip_configuration.0.private_ip_address": "",
                            "ip_configuration.0.private_ip_address_allocation": "dynamic",
                            "ip_configuration.0.public_ip_address_id": "/subscriptions/41265402-b429-4ae2-9d74-893d40fef053/resourceGroups/development/providers/Microsoft.Network/publicIPAddresses/kube-node-vm02-pub-ip01",
                            "ip_configuration.0.subnet_id": "/subscriptions/41265402-b429-4ae2-9d74-893d40fef053/resourceGroups/development/providers/Microsoft.Network/virtualNetworks/vnet_1/subnets/subnet-1",
                            "location": "westeurope",
                            "name": "kube-node-vm02-net-if01",
                            "network_security_group_id": "",
                            "private_ip_address": "10.0.1.6",
                            "private_ip_addresses.#": "1",
                            "private_ip_addresses.0": "10.0.1.6",
                            "resource_group_name": "development",
                            "tags.%": "0"
                        },
                        "meta": {},
                        "tainted": false
                    },
                    "deposed": [],
                    "provider": "provider.azurerm"
                }
            },
            "depends_on": []
        },
        {
            "path": [
                "root",
                "kube-node-vm02-pub-ip01"
            ],
            "outputs": {
                "id": {
                    "sensitive": false,
                    "type": "string",
                    "value": "/subscriptions/41265402-b429-4ae2-9d74-893d40fef053/resourceGroups/development/providers/Microsoft.Network/publicIPAddresses/kube-node-vm02-pub-ip01"
                }
            },
            "resources": {
                "azurerm_public_ip.pub_ip": {
                    "type": "azurerm_public_ip",
                    "depends_on": [],
                    "primary": {
                        "id": "/subscriptions/41265402-b429-4ae2-9d74-893d40fef053/resourceGroups/development/providers/Microsoft.Network/publicIPAddresses/kube-node-vm02-pub-ip01",
                        "attributes": {
                            "id": "/subscriptions/41265402-b429-4ae2-9d74-893d40fef053/resourceGroups/development/providers/Microsoft.Network/publicIPAddresses/kube-node-vm02-pub-ip01",
                            "location": "westeurope",
                            "name": "kube-node-vm02-pub-ip01",
                            "public_ip_address_allocation": "dynamic",
                            "resource_group_name": "development",
                            "sku": "Basic",
                            "tags.%": "0"
                        },
                        "meta": {},
                        "tainted": false
                    },
                    "deposed": [],
                    "provider": "provider.azurerm"
                }
            },
            "depends_on": []
        },
        {
            "path": [
                "root",
                "storage_acct_1"
            ],
            "outputs": {
                "primary_blob_endpoint": {
                    "sensitive": false,
                    "type": "string",
                    "value": "https://developmentstorage98767.blob.core.windows.net/"
                }
            },
            "resources": {
                "azurerm_storage_account.storage_acct": {
                    "type": "azurerm_storage_account",
                    "depends_on": [],
                    "primary": {
                        "id": "/subscriptions/41265402-b429-4ae2-9d74-893d40fef053/resourceGroups/development/providers/Microsoft.Storage/storageAccounts/developmentstorage98767",
                        "attributes": {
                            "access_tier": "",
                            "account_encryption_source": "Microsoft.Storage",
                            "account_kind": "Storage",
                            "account_replication_type": "LRS",
                            "account_tier": "Standard",
                            "account_type": "Standard_LRS",
                            "enable_blob_encryption": "true",
                            "enable_file_encryption": "true",
                            "enable_https_traffic_only": "false",
                            "id": "/subscriptions/41265402-b429-4ae2-9d74-893d40fef053/resourceGroups/development/providers/Microsoft.Storage/storageAccounts/developmentstorage98767",
                            "location": "westeurope",
                            "name": "developmentstorage98767",
                            "primary_access_key": "QKsqmAV2v9n8XS8Zm5t3eBan202+DDEWLX0WxFgqupOrRtdQmOrpNBZuro+twlBVjukIxFh0/1diRQ4DprZjmA==",
                            "primary_blob_connection_string": "DefaultEndpointsProtocol=https;BlobEndpoint=https://developmentstorage98767.blob.core.windows.net/;AccountName=developmentstorage98767;AccountKey=QKsqmAV2v9n8XS8Zm5t3eBan202+DDEWLX0WxFgqupOrRtdQmOrpNBZuro+twlBVjukIxFh0/1diRQ4DprZjmA==",
                            "primary_blob_endpoint": "https://developmentstorage98767.blob.core.windows.net/",
                            "primary_connection_string": "DefaultEndpointsProtocol=https;AccountName=developmentstorage98767;AccountKey=QKsqmAV2v9n8XS8Zm5t3eBan202+DDEWLX0WxFgqupOrRtdQmOrpNBZuro+twlBVjukIxFh0/1diRQ4DprZjmA==;EndpointSuffix=core.windows.net",
                            "primary_file_endpoint": "https://developmentstorage98767.file.core.windows.net/",
                            "primary_location": "westeurope",
                            "primary_queue_endpoint": "https://developmentstorage98767.queue.core.windows.net/",
                            "primary_table_endpoint": "https://developmentstorage98767.table.core.windows.net/",
                            "resource_group_name": "development",
                            "secondary_access_key": "mWHduj3MkIPdxcExCY09fAeaaLLckd8nF9iwPixgnZxcI332dhK5t2Zd/HW6ZQicSY43LSDdzdYakTVMB5bQhw==",
                            "secondary_connection_string": "DefaultEndpointsProtocol=https;AccountName=developmentstorage98767;AccountKey=mWHduj3MkIPdxcExCY09fAeaaLLckd8nF9iwPixgnZxcI332dhK5t2Zd/HW6ZQicSY43LSDdzdYakTVMB5bQhw==;EndpointSuffix=core.windows.net",
                            "secondary_location": "",
                            "tags.%": "0"
                        },
                        "meta": {
                            "schema_version": "2"
                        },
                        "tainted": false
                    },
                    "deposed": [],
                    "provider": "provider.azurerm"
                }
            },
            "depends_on": []
        },
        {
            "path": [
                "root",
                "subnet_1"
            ],
            "outputs": {
                "id": {
                    "sensitive": false,
                    "type": "string",
                    "value": "/subscriptions/41265402-b429-4ae2-9d74-893d40fef053/resourceGroups/development/providers/Microsoft.Network/virtualNetworks/vnet_1/subnets/subnet-1"
                }
            },
            "resources": {
                "azurerm_subnet.subnet": {
                    "type": "azurerm_subnet",
                    "depends_on": [],
                    "primary": {
                        "id": "/subscriptions/41265402-b429-4ae2-9d74-893d40fef053/resourceGroups/development/providers/Microsoft.Network/virtualNetworks/vnet_1/subnets/subnet-1",
                        "attributes": {
                            "address_prefix": "10.0.1.0/24",
                            "id": "/subscriptions/41265402-b429-4ae2-9d74-893d40fef053/resourceGroups/development/providers/Microsoft.Network/virtualNetworks/vnet_1/subnets/subnet-1",
                            "ip_configurations.#": "3",
                            "ip_configurations.1710452291": "/subscriptions/41265402-b429-4ae2-9d74-893d40fef053/resourceGroups/development/providers/Microsoft.Network/networkInterfaces/kube-node-vm01-net-if01/ipConfigurations/kube-node-vm01-net-if01-config",
                            "ip_configurations.3911198066": "/subscriptions/41265402-b429-4ae2-9d74-893d40fef053/resourceGroups/development/providers/Microsoft.Network/networkInterfaces/kube-node-vm02-net-if01/ipConfigurations/kube-node-vm02-net-if01-config",
                            "ip_configurations.43763185": "/subscriptions/41265402-b429-4ae2-9d74-893d40fef053/resourceGroups/development/providers/Microsoft.Network/networkInterfaces/kube-master-vm-1-net-if01/ipConfigurations/kube-master-vm-1-net-if01-config",
                            "name": "subnet-1",
                            "resource_group_name": "development",
                            "service_endpoints.#": "0",
                            "virtual_network_name": "vnet_1"
                        },
                        "meta": {},
                        "tainted": false
                    },
                    "deposed": [],
                    "provider": "provider.azurerm"
                }
            },
            "depends_on": []
        },
        {
            "path": [
                "root",
                "vnet_1"
            ],
            "outputs": {
                "name": {
                    "sensitive": false,
                    "type": "string",
                    "value": "vnet_1"
                }
            },
            "resources": {
                "azurerm_virtual_network.vnet": {
                    "type": "azurerm_virtual_network",
                    "depends_on": [],
                    "primary": {
                        "id": "/subscriptions/41265402-b429-4ae2-9d74-893d40fef053/resourceGroups/development/providers/Microsoft.Network/virtualNetworks/vnet_1",
                        "attributes": {
                            "address_space.#": "1",
                            "address_space.0": "10.0.0.0/16",
                            "dns_servers.#": "0",
                            "id": "/subscriptions/41265402-b429-4ae2-9d74-893d40fef053/resourceGroups/development/providers/Microsoft.Network/virtualNetworks/vnet_1",
                            "location": "westeurope",
                            "name": "vnet_1",
                            "resource_group_name": "development",
                            "subnet.#": "1",
                            "subnet.83784656.address_prefix": "10.0.1.0/24",
                            "subnet.83784656.name": "subnet-1",
                            "subnet.83784656.security_group": "",
                            "tags.%": "0"
                        },
                        "meta": {},
                        "tainted": false
                    },
                    "deposed": [],
                    "provider": "provider.azurerm"
                }
            },
            "depends_on": []
        }
    ]
}
