{
    "version": 3,
    "terraform_version": "0.11.3",
    "serial": 14,
    "lineage": "7ce2a547-3455-4fb0-a116-710a4cb57390",
    "modules": [
        {
            "path": [
                "root"
            ],
            "outputs": {},
            "resources": {
                "azurerm_network_security_group.sec_group": {
                    "type": "azurerm_network_security_group",
                    "depends_on": [
                        "azurerm_resource_group.rg"
                    ],
                    "primary": {
                        "id": "/subscriptions/41265402-b429-4ae2-9d74-893d40fef053/resourceGroups/development/providers/Microsoft.Network/networkSecurityGroups/subnet-1-nsg01",
                        "attributes": {
                            "id": "/subscriptions/41265402-b429-4ae2-9d74-893d40fef053/resourceGroups/development/providers/Microsoft.Network/networkSecurityGroups/subnet-1-nsg01",
                            "location": "westeurope",
                            "name": "subnet-1-nsg01",
                            "resource_group_name": "development",
                            "security_rule.#": "1",
                            "security_rule.0.access": "Allow",
                            "security_rule.0.description": "",
                            "security_rule.0.destination_address_prefix": "*",
                            "security_rule.0.destination_port_range": "22",
                            "security_rule.0.direction": "Inbound",
                            "security_rule.0.name": "SSH",
                            "security_rule.0.priority": "1001",
                            "security_rule.0.protocol": "Tcp",
                            "security_rule.0.source_address_prefix": "*",
                            "security_rule.0.source_port_range": "*",
                            "tags.%": "0"
                        },
                        "meta": {},
                        "tainted": false
                    },
                    "deposed": [],
                    "provider": "provider.azurerm"
                },
                "azurerm_resource_group.rg": {
                    "type": "azurerm_resource_group",
                    "depends_on": [],
                    "primary": {
                        "id": "/subscriptions/41265402-b429-4ae2-9d74-893d40fef053/resourceGroups/development",
                        "attributes": {
                            "id": "/subscriptions/41265402-b429-4ae2-9d74-893d40fef053/resourceGroups/development",
                            "location": "westeurope",
                            "name": "development",
                            "tags.%": "0"
                        },
                        "meta": {},
                        "tainted": false
                    },
                    "deposed": [],
                    "provider": "provider.azurerm"
                }
            },
            "depends_on": []
        },
        {
            "path": [
                "root",
                "kube-master-vm"
            ],
            "outputs": {},
            "resources": {},
            "depends_on": []
        },
        {
            "path": [
                "root",
                "kube-master-vm-net-if-01"
            ],
            "outputs": {
                "id": {
                    "sensitive": false,
                    "type": "string",
                    "value": "/subscriptions/41265402-b429-4ae2-9d74-893d40fef053/resourceGroups/development/providers/Microsoft.Network/networkInterfaces/kube-master-vm-1-net-if01"
                }
            },
            "resources": {
                "azurerm_network_interface.net_if": {
                    "type": "azurerm_network_interface",
                    "depends_on": [],
                    "primary": {
                        "id": "/subscriptions/41265402-b429-4ae2-9d74-893d40fef053/resourceGroups/development/providers/Microsoft.Network/networkInterfaces/kube-master-vm-1-net-if01",
                        "attributes": {
                            "applied_dns_servers.#": "0",
                            "dns_servers.#": "0",
                            "enable_accelerated_networking": "false",
                            "enable_ip_forwarding": "false",
                            "id": "/subscriptions/41265402-b429-4ae2-9d74-893d40fef053/resourceGroups/development/providers/Microsoft.Network/networkInterfaces/kube-master-vm-1-net-if01",
                            "internal_dns_name_label": "",
                            "ip_configuration.#": "1",
                            "ip_configuration.0.load_balancer_backend_address_pools_ids.#": "0",
                            "ip_configuration.0.load_balancer_inbound_nat_rules_ids.#": "0",
                            "ip_configuration.0.name": "kube-master-vm-1-net-if01-config",
                            "ip_configuration.0.primary": "true",
                            "ip_configuration.0.private_ip_address": "",
                            "ip_configuration.0.private_ip_address_allocation": "dynamic",
                            "ip_configuration.0.public_ip_address_id": "/subscriptions/41265402-b429-4ae2-9d74-893d40fef053/resourceGroups/development/providers/Microsoft.Network/publicIPAddresses/kube-master-vm-pub-ip01",
                            "ip_configuration.0.subnet_id": "/subscriptions/41265402-b429-4ae2-9d74-893d40fef053/resourceGroups/development/providers/Microsoft.Network/virtualNetworks/vnet_1/subnets/subnet-1",
                            "location": "westeurope",
                            "name": "kube-master-vm-1-net-if01",
                            "network_security_group_id": "",
                            "private_ip_address": "10.0.1.5",
                            "private_ip_addresses.#": "1",
                            "private_ip_addresses.0": "10.0.1.5",
                            "resource_group_name": "development",
                            "tags.%": "0"
                        },
                        "meta": {},
                        "tainted": false
                    },
                    "deposed": [],
                    "provider": "provider.azurerm"
                }
            },
            "depends_on": []
        },
        {
            "path": [
                "root",
                "kube-master-vm-pub-ip01"
            ],
            "outputs": {
                "id": {
                    "sensitive": false,
                    "type": "string",
                    "value": "/subscriptions/41265402-b429-4ae2-9d74-893d40fef053/resourceGroups/development/providers/Microsoft.Network/publicIPAddresses/kube-master-vm-pub-ip01"
                }
            },
            "resources": {
                "azurerm_public_ip.pub_ip": {
                    "type": "azurerm_public_ip",
                    "depends_on": [],
                    "primary": {
                        "id": "/subscriptions/41265402-b429-4ae2-9d74-893d40fef053/resourceGroups/development/providers/Microsoft.Network/publicIPAddresses/kube-master-vm-pub-ip01",
                        "attributes": {
                            "id": "/subscriptions/41265402-b429-4ae2-9d74-893d40fef053/resourceGroups/development/providers/Microsoft.Network/publicIPAddresses/kube-master-vm-pub-ip01",
                            "location": "westeurope",
                            "name": "kube-master-vm-pub-ip01",
                            "public_ip_address_allocation": "dynamic",
                            "resource_group_name": "development",
                            "sku": "Basic",
                            "tags.%": "0"
                        },
                        "meta": {},
                        "tainted": false
                    },
                    "deposed": [],
                    "provider": "provider.azurerm"
                }
            },
            "depends_on": []
        },
        {
            "path": [
                "root",
                "kube-node-vm01"
            ],
            "outputs": {},
            "resources": {},
            "depends_on": []
        },
        {
            "path": [
                "root",
                "kube-node-vm01-net-if-01"
            ],
            "outputs": {
                "id": {
                    "sensitive": false,
                    "type": "string",
                    "value": "/subscriptions/41265402-b429-4ae2-9d74-893d40fef053/resourceGroups/development/providers/Microsoft.Network/networkInterfaces/kube-node-vm01-net-if01"
                }
            },
            "resources": {
                "azurerm_network_interface.net_if": {
                    "type": "azurerm_network_interface",
                    "depends_on": [],
                    "primary": {
                        "id": "/subscriptions/41265402-b429-4ae2-9d74-893d40fef053/resourceGroups/development/providers/Microsoft.Network/networkInterfaces/kube-node-vm01-net-if01",
                        "attributes": {
                            "applied_dns_servers.#": "0",
                            "dns_servers.#": "0",
                            "enable_accelerated_networking": "false",
                            "enable_ip_forwarding": "false",
                            "id": "/subscriptions/41265402-b429-4ae2-9d74-893d40fef053/resourceGroups/development/providers/Microsoft.Network/networkInterfaces/kube-node-vm01-net-if01",
                            "internal_dns_name_label": "",
                            "ip_configuration.#": "1",
                            "ip_configuration.0.load_balancer_backend_address_pools_ids.#": "0",
                            "ip_configuration.0.load_balancer_inbound_nat_rules_ids.#": "0",
                            "ip_configuration.0.name": "kube-node-vm01-net-if01-config",
                            "ip_configuration.0.primary": "true",
                            "ip_configuration.0.private_ip_address": "",
                            "ip_configuration.0.private_ip_address_allocation": "dynamic",
                            "ip_configuration.0.public_ip_address_id": "/subscriptions/41265402-b429-4ae2-9d74-893d40fef053/resourceGroups/development/providers/Microsoft.Network/publicIPAddresses/kube-node-vm01-pub-ip01",
                            "ip_configuration.0.subnet_id": "/subscriptions/41265402-b429-4ae2-9d74-893d40fef053/resourceGroups/development/providers/Microsoft.Network/virtualNetworks/vnet_1/subnets/subnet-1",
                            "location": "westeurope",
                            "name": "kube-node-vm01-net-if01",
                            "network_security_group_id": "",
                            "private_ip_address": "10.0.1.4",
                            "private_ip_addresses.#": "1",
                            "private_ip_addresses.0": "10.0.1.4",
                            "resource_group_name": "development",
                            "tags.%": "0"
                        },
                        "meta": {},
                        "tainted": false
                    },
                    "deposed": [],
                    "provider": "provider.azurerm"
                }
            },
            "depends_on": []
        },
        {
            "path": [
                "root",
                "kube-node-vm01-pub-ip01"
            ],
            "outputs": {
                "id": {
                    "sensitive": false,
                    "type": "string",
                    "value": "/subscriptions/41265402-b429-4ae2-9d74-893d40fef053/resourceGroups/development/providers/Microsoft.Network/publicIPAddresses/kube-node-vm01-pub-ip01"
                }
            },
            "resources": {
                "azurerm_public_ip.pub_ip": {
                    "type": "azurerm_public_ip",
                    "depends_on": [],
                    "primary": {
                        "id": "/subscriptions/41265402-b429-4ae2-9d74-893d40fef053/resourceGroups/development/providers/Microsoft.Network/publicIPAddresses/kube-node-vm01-pub-ip01",
                        "attributes": {
                            "id": "/subscriptions/41265402-b429-4ae2-9d74-893d40fef053/resourceGroups/development/providers/Microsoft.Network/publicIPAddresses/kube-node-vm01-pub-ip01",
                            "location": "westeurope",
                            "name": "kube-node-vm01-pub-ip01",
                            "public_ip_address_allocation": "dynamic",
                            "resource_group_name": "development",
                            "sku": "Basic",
                            "tags.%": "0"
                        },
                        "meta": {},
                        "tainted": false
                    },
                    "deposed": [],
                    "provider": "provider.azurerm"
                }
            },
            "depends_on": []
        },
        {
            "path": [
                "root",
                "kube-node-vm02"
            ],
            "outputs": {},
            "resources": {},
            "depends_on": []
        },
        {
            "path": [
                "root",
                "kube-node-vm02-net-if-01"
            ],
            "outputs": {
                "id": {
                    "sensitive": false,
                    "type": "string",
                    "value": "/subscriptions/41265402-b429-4ae2-9d74-893d40fef053/resourceGroups/development/providers/Microsoft.Network/networkInterfaces/kube-node-vm02-net-if01"
                }
            },
            "resources": {
                "azurerm_network_interface.net_if": {
                    "type": "azurerm_network_interface",
                    "depends_on": [],
                    "primary": {
                        "id": "/subscriptions/41265402-b429-4ae2-9d74-893d40fef053/resourceGroups/development/providers/Microsoft.Network/networkInterfaces/kube-node-vm02-net-if01",
                        "attributes": {
                            "applied_dns_servers.#": "0",
                            "dns_servers.#": "0",
                            "enable_accelerated_networking": "false",
                            "enable_ip_forwarding": "false",
                            "id": "/subscriptions/41265402-b429-4ae2-9d74-893d40fef053/resourceGroups/development/providers/Microsoft.Network/networkInterfaces/kube-node-vm02-net-if01",
                            "internal_dns_name_label": "",
                            "ip_configuration.#": "1",
                            "ip_configuration.0.load_balancer_backend_address_pools_ids.#": "0",
                            "ip_configuration.0.load_balancer_inbound_nat_rules_ids.#": "0",
                            "ip_configuration.0.name": "kube-node-vm02-net-if01-config",
                            "ip_configuration.0.primary": "true",
                            "ip_configuration.0.private_ip_address": "",
                            "ip_configuration.0.private_ip_address_allocation": "dynamic",
                            "ip_configuration.0.public_ip_address_id": "/subscriptions/41265402-b429-4ae2-9d74-893d40fef053/resourceGroups/development/providers/Microsoft.Network/publicIPAddresses/kube-node-vm02-pub-ip01",
                            "ip_configuration.0.subnet_id": "/subscriptions/41265402-b429-4ae2-9d74-893d40fef053/resourceGroups/development/providers/Microsoft.Network/virtualNetworks/vnet_1/subnets/subnet-1",
                            "location": "westeurope",
                            "name": "kube-node-vm02-net-if01",
                            "network_security_group_id": "",
                            "private_ip_address": "10.0.1.6",
                            "private_ip_addresses.#": "1",
                            "private_ip_addresses.0": "10.0.1.6",
                            "resource_group_name": "development",
                            "tags.%": "0"
                        },
                        "meta": {},
                        "tainted": false
                    },
                    "deposed": [],
                    "provider": "provider.azurerm"
                }
            },
            "depends_on": []
        },
        {
            "path": [
                "root",
                "kube-node-vm02-pub-ip01"
            ],
            "outputs": {
                "id": {
                    "sensitive": false,
                    "type": "string",
                    "value": "/subscriptions/41265402-b429-4ae2-9d74-893d40fef053/resourceGroups/development/providers/Microsoft.Network/publicIPAddresses/kube-node-vm02-pub-ip01"
                }
            },
            "resources": {
                "azurerm_public_ip.pub_ip": {
                    "type": "azurerm_public_ip",
                    "depends_on": [],
                    "primary": {
                        "id": "/subscriptions/41265402-b429-4ae2-9d74-893d40fef053/resourceGroups/development/providers/Microsoft.Network/publicIPAddresses/kube-node-vm02-pub-ip01",
                        "attributes": {
                            "id": "/subscriptions/41265402-b429-4ae2-9d74-893d40fef053/resourceGroups/development/providers/Microsoft.Network/publicIPAddresses/kube-node-vm02-pub-ip01",
                            "location": "westeurope",
                            "name": "kube-node-vm02-pub-ip01",
                            "public_ip_address_allocation": "dynamic",
                            "resource_group_name": "development",
                            "sku": "Basic",
                            "tags.%": "0"
                        },
                        "meta": {},
                        "tainted": false
                    },
                    "deposed": [],
                    "provider": "provider.azurerm"
                }
            },
            "depends_on": []
        },
        {
            "path": [
                "root",
                "storage_acct_1"
            ],
            "outputs": {},
            "resources": {},
            "depends_on": []
        },
        {
            "path": [
                "root",
                "subnet_1"
            ],
            "outputs": {
                "id": {
                    "sensitive": false,
                    "type": "string",
                    "value": "/subscriptions/41265402-b429-4ae2-9d74-893d40fef053/resourceGroups/development/providers/Microsoft.Network/virtualNetworks/vnet_1/subnets/subnet-1"
                }
            },
            "resources": {
                "azurerm_subnet.subnet": {
                    "type": "azurerm_subnet",
                    "depends_on": [],
                    "primary": {
                        "id": "/subscriptions/41265402-b429-4ae2-9d74-893d40fef053/resourceGroups/development/providers/Microsoft.Network/virtualNetworks/vnet_1/subnets/subnet-1",
                        "attributes": {
                            "address_prefix": "10.0.1.0/24",
                            "id": "/subscriptions/41265402-b429-4ae2-9d74-893d40fef053/resourceGroups/development/providers/Microsoft.Network/virtualNetworks/vnet_1/subnets/subnet-1",
                            "ip_configurations.#": "0",
                            "name": "subnet-1",
                            "resource_group_name": "development",
                            "service_endpoints.#": "0",
                            "virtual_network_name": "vnet_1"
                        },
                        "meta": {},
                        "tainted": false
                    },
                    "deposed": [],
                    "provider": "provider.azurerm"
                }
            },
            "depends_on": []
        },
        {
            "path": [
                "root",
                "vnet_1"
            ],
            "outputs": {
                "name": {
                    "sensitive": false,
                    "type": "string",
                    "value": "vnet_1"
                }
            },
            "resources": {
                "azurerm_virtual_network.vnet": {
                    "type": "azurerm_virtual_network",
                    "depends_on": [],
                    "primary": {
                        "id": "/subscriptions/41265402-b429-4ae2-9d74-893d40fef053/resourceGroups/development/providers/Microsoft.Network/virtualNetworks/vnet_1",
                        "attributes": {
                            "address_space.#": "1",
                            "address_space.0": "10.0.0.0/16",
                            "dns_servers.#": "0",
                            "id": "/subscriptions/41265402-b429-4ae2-9d74-893d40fef053/resourceGroups/development/providers/Microsoft.Network/virtualNetworks/vnet_1",
                            "location": "westeurope",
                            "name": "vnet_1",
                            "resource_group_name": "development",
                            "subnet.#": "0",
                            "tags.%": "0"
                        },
                        "meta": {},
                        "tainted": false
                    },
                    "deposed": [],
                    "provider": "provider.azurerm"
                }
            },
            "depends_on": []
        }
    ]
}
